// !$*UTF8*$!
{
	archiveVersion = 1;
	classes = {
	};
	objectVersion = 56;
	objects = {

/* Begin PBXBuildFile section */
		11D7158C298C1A3400C07D57 /* AddViewController.swift in Sources */ = {isa = PBXBuildFile; fileRef = 11D7158A298C1A3400C07D57 /* AddViewController.swift */; };
		11D7158D298C1A3400C07D57 /* AddViewController.xib in Resources */ = {isa = PBXBuildFile; fileRef = 11D7158B298C1A3400C07D57 /* AddViewController.xib */; };
		11D71590298C1A4600C07D57 /* AnalyticsViewController.swift in Sources */ = {isa = PBXBuildFile; fileRef = 11D7158E298C1A4600C07D57 /* AnalyticsViewController.swift */; };
		11D71591298C1A4600C07D57 /* AnalyticsViewController.xib in Resources */ = {isa = PBXBuildFile; fileRef = 11D7158F298C1A4600C07D57 /* AnalyticsViewController.xib */; };
		11D71594298C1A4E00C07D57 /* BillViewController.swift in Sources */ = {isa = PBXBuildFile; fileRef = 11D71592298C1A4E00C07D57 /* BillViewController.swift */; };
		11D71595298C1A4E00C07D57 /* BillViewController.xib in Resources */ = {isa = PBXBuildFile; fileRef = 11D71593298C1A4E00C07D57 /* BillViewController.xib */; };
		11D71598298C1AA800C07D57 /* TabBarController.swift in Sources */ = {isa = PBXBuildFile; fileRef = 11D71597298C1AA800C07D57 /* TabBarController.swift */; };
		11D7159C298C293100C07D57 /* AddCategoryViewController.swift in Sources */ = {isa = PBXBuildFile; fileRef = 11D7159A298C293100C07D57 /* AddCategoryViewController.swift */; };
		11D7159D298C293100C07D57 /* AddCategoryViewController.xib in Resources */ = {isa = PBXBuildFile; fileRef = 11D7159B298C293100C07D57 /* AddCategoryViewController.xib */; };
		11D715A1298C308400C07D57 /* AddCategoryCollectionViewCell.swift in Sources */ = {isa = PBXBuildFile; fileRef = 11D7159F298C308400C07D57 /* AddCategoryCollectionViewCell.swift */; };
		11D715A2298C308400C07D57 /* AddCategoryCollectionViewCell.xib in Resources */ = {isa = PBXBuildFile; fileRef = 11D715A0298C308400C07D57 /* AddCategoryCollectionViewCell.xib */; };
		11D715A6298C3E3000C07D57 /* TableViewCell.swift in Sources */ = {isa = PBXBuildFile; fileRef = 11D715A4298C3E3000C07D57 /* TableViewCell.swift */; };
		11D715A7298C3E3000C07D57 /* TableViewCell.xib in Resources */ = {isa = PBXBuildFile; fileRef = 11D715A5298C3E3000C07D57 /* TableViewCell.xib */; };
		11D715AA298C57E200C07D57 /* RealmManager.swift in Sources */ = {isa = PBXBuildFile; fileRef = 11D715A9298C57E200C07D57 /* RealmManager.swift */; };
		11D715AD298C5ACA00C07D57 /* CurrencyRealmModel.swift in Sources */ = {isa = PBXBuildFile; fileRef = 11D715AC298C5ACA00C07D57 /* CurrencyRealmModel.swift */; };
		11D715AF298C645700C07D57 /* ReplenishmentRealmModel.swift in Sources */ = {isa = PBXBuildFile; fileRef = 11D715AE298C645700C07D57 /* ReplenishmentRealmModel.swift */; };
		11D715B2298D0D7900C07D57 /* CurrencyEnum.swift in Sources */ = {isa = PBXBuildFile; fileRef = 11D715B1298D0D7900C07D57 /* CurrencyEnum.swift */; };
		11D715B6298E994B00C07D57 /* AdditionalInfoCurrencyViewController.swift in Sources */ = {isa = PBXBuildFile; fileRef = 11D715B4298E994B00C07D57 /* AdditionalInfoCurrencyViewController.swift */; };
		11D715B7298E994B00C07D57 /* AdditionalInfoCurrencyViewController.xib in Resources */ = {isa = PBXBuildFile; fileRef = 11D715B5298E994B00C07D57 /* AdditionalInfoCurrencyViewController.xib */; };
		11D715BB298E9C0500C07D57 /* AdditionalInfoCurrencyTableViewCell.swift in Sources */ = {isa = PBXBuildFile; fileRef = 11D715B9298E9C0500C07D57 /* AdditionalInfoCurrencyTableViewCell.swift */; };
		11D715BC298E9C0500C07D57 /* AdditionalInfoCurrencyTableViewCell.xib in Resources */ = {isa = PBXBuildFile; fileRef = 11D715BA298E9C0500C07D57 /* AdditionalInfoCurrencyTableViewCell.xib */; };
		11D715C0298FA87300C07D57 /* AddNewCurrencyViewController.swift in Sources */ = {isa = PBXBuildFile; fileRef = 11D715BE298FA87300C07D57 /* AddNewCurrencyViewController.swift */; };
		11D715C1298FA87300C07D57 /* AddNewCurrencyViewController.xib in Resources */ = {isa = PBXBuildFile; fileRef = 11D715BF298FA87300C07D57 /* AddNewCurrencyViewController.xib */; };
		11E99CC4298C18460072D357 /* AppDelegate.swift in Sources */ = {isa = PBXBuildFile; fileRef = 11E99CC3298C18460072D357 /* AppDelegate.swift */; };
		11E99CC6298C18460072D357 /* SceneDelegate.swift in Sources */ = {isa = PBXBuildFile; fileRef = 11E99CC5298C18460072D357 /* SceneDelegate.swift */; };
		11E99CCD298C184B0072D357 /* Assets.xcassets in Resources */ = {isa = PBXBuildFile; fileRef = 11E99CCC298C184B0072D357 /* Assets.xcassets */; };
		11E99CD0298C184B0072D357 /* LaunchScreen.storyboard in Resources */ = {isa = PBXBuildFile; fileRef = 11E99CCE298C184B0072D357 /* LaunchScreen.storyboard */; };
		148671BABEC481F84D33E6FE /* Pods_BudgetApp.framework in Frameworks */ = {isa = PBXBuildFile; fileRef = 822E8F96415F4390ECEF2E01 /* Pods_BudgetApp.framework */; };
/* End PBXBuildFile section */

/* Begin PBXFileReference section */
		000B45AF809ECFC4D5BB274A /* Pods-BudgetApp.debug.xcconfig */ = {isa = PBXFileReference; includeInIndex = 1; lastKnownFileType = text.xcconfig; name = "Pods-BudgetApp.debug.xcconfig"; path = "Target Support Files/Pods-BudgetApp/Pods-BudgetApp.debug.xcconfig"; sourceTree = "<group>"; };
		11D7158A298C1A3400C07D57 /* AddViewController.swift */ = {isa = PBXFileReference; lastKnownFileType = sourcecode.swift; path = AddViewController.swift; sourceTree = "<group>"; };
		11D7158B298C1A3400C07D57 /* AddViewController.xib */ = {isa = PBXFileReference; lastKnownFileType = file.xib; path = AddViewController.xib; sourceTree = "<group>"; };
		11D7158E298C1A4600C07D57 /* AnalyticsViewController.swift */ = {isa = PBXFileReference; lastKnownFileType = sourcecode.swift; path = AnalyticsViewController.swift; sourceTree = "<group>"; };
		11D7158F298C1A4600C07D57 /* AnalyticsViewController.xib */ = {isa = PBXFileReference; lastKnownFileType = file.xib; path = AnalyticsViewController.xib; sourceTree = "<group>"; };
		11D71592298C1A4E00C07D57 /* BillViewController.swift */ = {isa = PBXFileReference; lastKnownFileType = sourcecode.swift; path = BillViewController.swift; sourceTree = "<group>"; };
		11D71593298C1A4E00C07D57 /* BillViewController.xib */ = {isa = PBXFileReference; lastKnownFileType = file.xib; path = BillViewController.xib; sourceTree = "<group>"; };
		11D71597298C1AA800C07D57 /* TabBarController.swift */ = {isa = PBXFileReference; lastKnownFileType = sourcecode.swift; path = TabBarController.swift; sourceTree = "<group>"; };
		11D7159A298C293100C07D57 /* AddCategoryViewController.swift */ = {isa = PBXFileReference; lastKnownFileType = sourcecode.swift; path = AddCategoryViewController.swift; sourceTree = "<group>"; };
		11D7159B298C293100C07D57 /* AddCategoryViewController.xib */ = {isa = PBXFileReference; lastKnownFileType = file.xib; path = AddCategoryViewController.xib; sourceTree = "<group>"; };
		11D7159F298C308400C07D57 /* AddCategoryCollectionViewCell.swift */ = {isa = PBXFileReference; lastKnownFileType = sourcecode.swift; path = AddCategoryCollectionViewCell.swift; sourceTree = "<group>"; };
		11D715A0298C308400C07D57 /* AddCategoryCollectionViewCell.xib */ = {isa = PBXFileReference; lastKnownFileType = file.xib; path = AddCategoryCollectionViewCell.xib; sourceTree = "<group>"; };
		11D715A4298C3E3000C07D57 /* TableViewCell.swift */ = {isa = PBXFileReference; lastKnownFileType = sourcecode.swift; path = TableViewCell.swift; sourceTree = "<group>"; };
		11D715A5298C3E3000C07D57 /* TableViewCell.xib */ = {isa = PBXFileReference; lastKnownFileType = file.xib; path = TableViewCell.xib; sourceTree = "<group>"; };
		11D715A9298C57E200C07D57 /* RealmManager.swift */ = {isa = PBXFileReference; lastKnownFileType = sourcecode.swift; path = RealmManager.swift; sourceTree = "<group>"; };
		11D715AC298C5ACA00C07D57 /* CurrencyRealmModel.swift */ = {isa = PBXFileReference; lastKnownFileType = sourcecode.swift; path = CurrencyRealmModel.swift; sourceTree = "<group>"; };
		11D715AE298C645700C07D57 /* ReplenishmentRealmModel.swift */ = {isa = PBXFileReference; lastKnownFileType = sourcecode.swift; path = ReplenishmentRealmModel.swift; sourceTree = "<group>"; };
		11D715B1298D0D7900C07D57 /* CurrencyEnum.swift */ = {isa = PBXFileReference; lastKnownFileType = sourcecode.swift; path = CurrencyEnum.swift; sourceTree = "<group>"; };
		11D715B4298E994B00C07D57 /* AdditionalInfoCurrencyViewController.swift */ = {isa = PBXFileReference; lastKnownFileType = sourcecode.swift; path = AdditionalInfoCurrencyViewController.swift; sourceTree = "<group>"; };
		11D715B5298E994B00C07D57 /* AdditionalInfoCurrencyViewController.xib */ = {isa = PBXFileReference; lastKnownFileType = file.xib; path = AdditionalInfoCurrencyViewController.xib; sourceTree = "<group>"; };
		11D715B9298E9C0500C07D57 /* AdditionalInfoCurrencyTableViewCell.swift */ = {isa = PBXFileReference; lastKnownFileType = sourcecode.swift; path = AdditionalInfoCurrencyTableViewCell.swift; sourceTree = "<group>"; };
		11D715BA298E9C0500C07D57 /* AdditionalInfoCurrencyTableViewCell.xib */ = {isa = PBXFileReference; lastKnownFileType = file.xib; path = AdditionalInfoCurrencyTableViewCell.xib; sourceTree = "<group>"; };
		11D715BE298FA87300C07D57 /* AddNewCurrencyViewController.swift */ = {isa = PBXFileReference; lastKnownFileType = sourcecode.swift; path = AddNewCurrencyViewController.swift; sourceTree = "<group>"; };
		11D715BF298FA87300C07D57 /* AddNewCurrencyViewController.xib */ = {isa = PBXFileReference; lastKnownFileType = file.xib; path = AddNewCurrencyViewController.xib; sourceTree = "<group>"; };
		11E99CC0298C18460072D357 /* BudgetApp.app */ = {isa = PBXFileReference; explicitFileType = wrapper.application; includeInIndex = 0; path = BudgetApp.app; sourceTree = BUILT_PRODUCTS_DIR; };
		11E99CC3298C18460072D357 /* AppDelegate.swift */ = {isa = PBXFileReference; lastKnownFileType = sourcecode.swift; path = AppDelegate.swift; sourceTree = "<group>"; };
		11E99CC5298C18460072D357 /* SceneDelegate.swift */ = {isa = PBXFileReference; lastKnownFileType = sourcecode.swift; path = SceneDelegate.swift; sourceTree = "<group>"; };
		11E99CCC298C184B0072D357 /* Assets.xcassets */ = {isa = PBXFileReference; lastKnownFileType = folder.assetcatalog; path = Assets.xcassets; sourceTree = "<group>"; };
		11E99CCF298C184B0072D357 /* Base */ = {isa = PBXFileReference; lastKnownFileType = file.storyboard; name = Base; path = Base.lproj/LaunchScreen.storyboard; sourceTree = "<group>"; };
		11E99CD1298C184B0072D357 /* Info.plist */ = {isa = PBXFileReference; lastKnownFileType = text.plist.xml; path = Info.plist; sourceTree = "<group>"; };
		822E8F96415F4390ECEF2E01 /* Pods_BudgetApp.framework */ = {isa = PBXFileReference; explicitFileType = wrapper.framework; includeInIndex = 0; path = Pods_BudgetApp.framework; sourceTree = BUILT_PRODUCTS_DIR; };
		AF1A845FC6D7D4E11ABEB5B2 /* Pods-BudgetApp.release.xcconfig */ = {isa = PBXFileReference; includeInIndex = 1; lastKnownFileType = text.xcconfig; name = "Pods-BudgetApp.release.xcconfig"; path = "Target Support Files/Pods-BudgetApp/Pods-BudgetApp.release.xcconfig"; sourceTree = "<group>"; };
/* End PBXFileReference section */

/* Begin PBXFrameworksBuildPhase section */
		11E99CBD298C18460072D357 /* Frameworks */ = {
			isa = PBXFrameworksBuildPhase;
			buildActionMask = 2147483647;
			files = (
				148671BABEC481F84D33E6FE /* Pods_BudgetApp.framework in Frameworks */,
			);
			runOnlyForDeploymentPostprocessing = 0;
		};
/* End PBXFrameworksBuildPhase section */

/* Begin PBXGroup section */
		11D71587298C1A0400C07D57 /* AddViewController */ = {
			isa = PBXGroup;
			children = (
				11D715BD298FA83C00C07D57 /* AddNewCurrency */,
				11D715B3298E991800C07D57 /* AdditionalInfoCurrency */,
				11D715A3298C3E1500C07D57 /* TableViewCell */,
				11D7158A298C1A3400C07D57 /* AddViewController.swift */,
				11D7158B298C1A3400C07D57 /* AddViewController.xib */,
			);
			path = AddViewController;
			sourceTree = "<group>";
		};
		11D71588298C1A1100C07D57 /* AnalyticsViewController */ = {
			isa = PBXGroup;
			children = (
				11D7158E298C1A4600C07D57 /* AnalyticsViewController.swift */,
				11D7158F298C1A4600C07D57 /* AnalyticsViewController.xib */,
			);
			path = AnalyticsViewController;
			sourceTree = "<group>";
		};
		11D71589298C1A1C00C07D57 /* BillViewController */ = {
			isa = PBXGroup;
			children = (
				11D71592298C1A4E00C07D57 /* BillViewController.swift */,
				11D71593298C1A4E00C07D57 /* BillViewController.xib */,
			);
			path = BillViewController;
			sourceTree = "<group>";
		};
		11D71596298C1A5700C07D57 /* TabBarController */ = {
			isa = PBXGroup;
			children = (
				11D71597298C1AA800C07D57 /* TabBarController.swift */,
			);
			path = TabBarController;
			sourceTree = "<group>";
		};
		11D71599298C291600C07D57 /* AddCategoryViewController */ = {
			isa = PBXGroup;
			children = (
				11D7159A298C293100C07D57 /* AddCategoryViewController.swift */,
				11D7159B298C293100C07D57 /* AddCategoryViewController.xib */,
			);
			path = AddCategoryViewController;
			sourceTree = "<group>";
		};
		11D7159E298C305600C07D57 /* Cells */ = {
			isa = PBXGroup;
			children = (
				11D7159F298C308400C07D57 /* AddCategoryCollectionViewCell.swift */,
				11D715A0298C308400C07D57 /* AddCategoryCollectionViewCell.xib */,
			);
			path = Cells;
			sourceTree = "<group>";
		};
		11D715A3298C3E1500C07D57 /* TableViewCell */ = {
			isa = PBXGroup;
			children = (
				11D715A4298C3E3000C07D57 /* TableViewCell.swift */,
				11D715A5298C3E3000C07D57 /* TableViewCell.xib */,
			);
			path = TableViewCell;
			sourceTree = "<group>";
		};
		11D715A8298C57C300C07D57 /* RealmManager */ = {
			isa = PBXGroup;
			children = (
				11D715A9298C57E200C07D57 /* RealmManager.swift */,
			);
			path = RealmManager;
			sourceTree = "<group>";
		};
		11D715AB298C5AB000C07D57 /* Models */ = {
			isa = PBXGroup;
			children = (
				11D715AC298C5ACA00C07D57 /* CurrencyRealmModel.swift */,
				11D715AE298C645700C07D57 /* ReplenishmentRealmModel.swift */,
			);
			path = Models;
			sourceTree = "<group>";
		};
		11D715B0298D0D5200C07D57 /* Enums */ = {
			isa = PBXGroup;
			children = (
				11D715B1298D0D7900C07D57 /* CurrencyEnum.swift */,
			);
			path = Enums;
			sourceTree = "<group>";
		};
		11D715B3298E991800C07D57 /* AdditionalInfoCurrency */ = {
			isa = PBXGroup;
			children = (
				11D715B8298E9BDD00C07D57 /* AdditionalInfoCurrencyCells */,
				11D715B4298E994B00C07D57 /* AdditionalInfoCurrencyViewController.swift */,
				11D715B5298E994B00C07D57 /* AdditionalInfoCurrencyViewController.xib */,
			);
			path = AdditionalInfoCurrency;
			sourceTree = "<group>";
		};
		11D715B8298E9BDD00C07D57 /* AdditionalInfoCurrencyCells */ = {
			isa = PBXGroup;
			children = (
				11D715B9298E9C0500C07D57 /* AdditionalInfoCurrencyTableViewCell.swift */,
				11D715BA298E9C0500C07D57 /* AdditionalInfoCurrencyTableViewCell.xib */,
			);
			path = AdditionalInfoCurrencyCells;
			sourceTree = "<group>";
		};
		11D715BD298FA83C00C07D57 /* AddNewCurrency */ = {
			isa = PBXGroup;
			children = (
				11D715BE298FA87300C07D57 /* AddNewCurrencyViewController.swift */,
				11D715BF298FA87300C07D57 /* AddNewCurrencyViewController.xib */,
			);
			path = AddNewCurrency;
			sourceTree = "<group>";
		};
		11E99CB7298C18460072D357 = {
			isa = PBXGroup;
			children = (
				11E99CC2298C18460072D357 /* BudgetApp */,
				11E99CC1298C18460072D357 /* Products */,
				2117F3A3D8976408C9AAB9EF /* Pods */,
				BD49A38223AD529EA2A8A7CA /* Frameworks */,
			);
			sourceTree = "<group>";
		};
		11E99CC1298C18460072D357 /* Products */ = {
			isa = PBXGroup;
			children = (
				11E99CC0298C18460072D357 /* BudgetApp.app */,
			);
			name = Products;
			sourceTree = "<group>";
		};
		11E99CC2298C18460072D357 /* BudgetApp */ = {
			isa = PBXGroup;
			children = (
				11D715B0298D0D5200C07D57 /* Enums */,
				11D715AB298C5AB000C07D57 /* Models */,
				11D71596298C1A5700C07D57 /* TabBarController */,
				11D715A8298C57C300C07D57 /* RealmManager */,
				11D7159E298C305600C07D57 /* Cells */,
				11D71599298C291600C07D57 /* AddCategoryViewController */,
				11D71589298C1A1C00C07D57 /* BillViewController */,
				11D71588298C1A1100C07D57 /* AnalyticsViewController */,
				11D71587298C1A0400C07D57 /* AddViewController */,
				11E99CC3298C18460072D357 /* AppDelegate.swift */,
				11E99CC5298C18460072D357 /* SceneDelegate.swift */,
				11E99CCC298C184B0072D357 /* Assets.xcassets */,
				11E99CCE298C184B0072D357 /* LaunchScreen.storyboard */,
				11E99CD1298C184B0072D357 /* Info.plist */,
			);
			path = BudgetApp;
			sourceTree = "<group>";
		};
		2117F3A3D8976408C9AAB9EF /* Pods */ = {
			isa = PBXGroup;
			children = (
				000B45AF809ECFC4D5BB274A /* Pods-BudgetApp.debug.xcconfig */,
				AF1A845FC6D7D4E11ABEB5B2 /* Pods-BudgetApp.release.xcconfig */,
			);
			path = Pods;
			sourceTree = "<group>";
		};
		BD49A38223AD529EA2A8A7CA /* Frameworks */ = {
			isa = PBXGroup;
			children = (
				822E8F96415F4390ECEF2E01 /* Pods_BudgetApp.framework */,
			);
			name = Frameworks;
			sourceTree = "<group>";
		};
/* End PBXGroup section */

/* Begin PBXNativeTarget section */
		11E99CBF298C18460072D357 /* BudgetApp */ = {
			isa = PBXNativeTarget;
			buildConfigurationList = 11E99CD4298C184B0072D357 /* Build configuration list for PBXNativeTarget "BudgetApp" */;
			buildPhases = (
				2721B62BF799DEBBF709C732 /* [CP] Check Pods Manifest.lock */,
				11E99CBC298C18460072D357 /* Sources */,
				11E99CBD298C18460072D357 /* Frameworks */,
				11E99CBE298C18460072D357 /* Resources */,
				3ABB17A28E8123AF803BCC02 /* [CP] Embed Pods Frameworks */,
			);
			buildRules = (
			);
			dependencies = (
			);
			name = BudgetApp;
			productName = BudgetApp;
			productReference = 11E99CC0298C18460072D357 /* BudgetApp.app */;
			productType = "com.apple.product-type.application";
		};
/* End PBXNativeTarget section */

/* Begin PBXProject section */
		11E99CB8298C18460072D357 /* Project object */ = {
			isa = PBXProject;
			attributes = {
				BuildIndependentTargetsInParallel = 1;
				LastSwiftUpdateCheck = 1420;
				LastUpgradeCheck = 1420;
				TargetAttributes = {
					11E99CBF298C18460072D357 = {
						CreatedOnToolsVersion = 14.2;
					};
				};
			};
			buildConfigurationList = 11E99CBB298C18460072D357 /* Build configuration list for PBXProject "BudgetApp" */;
			compatibilityVersion = "Xcode 14.0";
			developmentRegion = en;
			hasScannedForEncodings = 0;
			knownRegions = (
				en,
				Base,
			);
			mainGroup = 11E99CB7298C18460072D357;
			productRefGroup = 11E99CC1298C18460072D357 /* Products */;
			projectDirPath = "";
			projectRoot = "";
			targets = (
				11E99CBF298C18460072D357 /* BudgetApp */,
			);
		};
/* End PBXProject section */

/* Begin PBXResourcesBuildPhase section */
		11E99CBE298C18460072D357 /* Resources */ = {
			isa = PBXResourcesBuildPhase;
			buildActionMask = 2147483647;
			files = (
				11D715A2298C308400C07D57 /* AddCategoryCollectionViewCell.xib in Resources */,
				11D7158D298C1A3400C07D57 /* AddViewController.xib in Resources */,
				11E99CD0298C184B0072D357 /* LaunchScreen.storyboard in Resources */,
				11D7159D298C293100C07D57 /* AddCategoryViewController.xib in Resources */,
				11E99CCD298C184B0072D357 /* Assets.xcassets in Resources */,
				11D715C1298FA87300C07D57 /* AddNewCurrencyViewController.xib in Resources */,
				11D715B7298E994B00C07D57 /* AdditionalInfoCurrencyViewController.xib in Resources */,
				11D715A7298C3E3000C07D57 /* TableViewCell.xib in Resources */,
				11D715BC298E9C0500C07D57 /* AdditionalInfoCurrencyTableViewCell.xib in Resources */,
				11D71591298C1A4600C07D57 /* AnalyticsViewController.xib in Resources */,
				11D71595298C1A4E00C07D57 /* BillViewController.xib in Resources */,
			);
			runOnlyForDeploymentPostprocessing = 0;
		};
/* End PBXResourcesBuildPhase section */

/* Begin PBXShellScriptBuildPhase section */
		2721B62BF799DEBBF709C732 /* [CP] Check Pods Manifest.lock */ = {
			isa = PBXShellScriptBuildPhase;
			buildActionMask = 2147483647;
			files = (
			);
			inputFileListPaths = (
			);
			inputPaths = (
				"${PODS_PODFILE_DIR_PATH}/Podfile.lock",
				"${PODS_ROOT}/Manifest.lock",
			);
			name = "[CP] Check Pods Manifest.lock";
			outputFileListPaths = (
			);
			outputPaths = (
				"$(DERIVED_FILE_DIR)/Pods-BudgetApp-checkManifestLockResult.txt",
			);
			runOnlyForDeploymentPostprocessing = 0;
			shellPath = /bin/sh;
			shellScript = "diff \"${PODS_PODFILE_DIR_PATH}/Podfile.lock\" \"${PODS_ROOT}/Manifest.lock\" > /dev/null\nif [ $? != 0 ] ; then\n    # print error to STDERR\n    echo \"error: The sandbox is not in sync with the Podfile.lock. Run 'pod install' or update your CocoaPods installation.\" >&2\n    exit 1\nfi\n# This output is used by Xcode 'outputs' to avoid re-running this script phase.\necho \"SUCCESS\" > \"${SCRIPT_OUTPUT_FILE_0}\"\n";
			showEnvVarsInLog = 0;
		};
		3ABB17A28E8123AF803BCC02 /* [CP] Embed Pods Frameworks */ = {
			isa = PBXShellScriptBuildPhase;
			buildActionMask = 2147483647;
			files = (
			);
			inputFileListPaths = (
				"${PODS_ROOT}/Target Support Files/Pods-BudgetApp/Pods-BudgetApp-frameworks-${CONFIGURATION}-input-files.xcfilelist",
			);
			name = "[CP] Embed Pods Frameworks";
			outputFileListPaths = (
				"${PODS_ROOT}/Target Support Files/Pods-BudgetApp/Pods-BudgetApp-frameworks-${CONFIGURATION}-output-files.xcfilelist",
			);
			runOnlyForDeploymentPostprocessing = 0;
			shellPath = /bin/sh;
			shellScript = "\"${PODS_ROOT}/Target Support Files/Pods-BudgetApp/Pods-BudgetApp-frameworks.sh\"\n";
			showEnvVarsInLog = 0;
		};
/* End PBXShellScriptBuildPhase section */

/* Begin PBXSourcesBuildPhase section */
		11E99CBC298C18460072D357 /* Sources */ = {
			isa = PBXSourcesBuildPhase;
			buildActionMask = 2147483647;
			files = (
				11D715B6298E994B00C07D57 /* AdditionalInfoCurrencyViewController.swift in Sources */,
				11D715AF298C645700C07D57 /* ReplenishmentRealmModel.swift in Sources */,
				11D715C0298FA87300C07D57 /* AddNewCurrencyViewController.swift in Sources */,
				11D715B2298D0D7900C07D57 /* CurrencyEnum.swift in Sources */,
				11E99CC4298C18460072D357 /* AppDelegate.swift in Sources */,
				11D715AD298C5ACA00C07D57 /* CurrencyRealmModel.swift in Sources */,
				11E99CC6298C18460072D357 /* SceneDelegate.swift in Sources */,
				11D71594298C1A4E00C07D57 /* BillViewController.swift in Sources */,
				11D715A6298C3E3000C07D57 /* TableViewCell.swift in Sources */,
				11D71598298C1AA800C07D57 /* TabBarController.swift in Sources */,
				11D715A1298C308400C07D57 /* AddCategoryCollectionViewCell.swift in Sources */,
				11D7158C298C1A3400C07D57 /* AddViewController.swift in Sources */,
				11D715AA298C57E200C07D57 /* RealmManager.swift in Sources */,
				11D7159C298C293100C07D57 /* AddCategoryViewController.swift in Sources */,
				11D715BB298E9C0500C07D57 /* AdditionalInfoCurrencyTableViewCell.swift in Sources */,
				11D71590298C1A4600C07D57 /* AnalyticsViewController.swift in Sources */,
			);
			runOnlyForDeploymentPostprocessing = 0;
		};
/* End PBXSourcesBuildPhase section */

/* Begin PBXVariantGroup section */
		11E99CCE298C184B0072D357 /* LaunchScreen.storyboard */ = {
			isa = PBXVariantGroup;
			children = (
				11E99CCF298C184B0072D357 /* Base */,
			);
			name = LaunchScreen.storyboard;
			sourceTree = "<group>";
		};
/* End PBXVariantGroup section */

/* Begin XCBuildConfiguration section */
		11E99CD2298C184B0072D357 /* Debug */ = {
			isa = XCBuildConfiguration;
			buildSettings = {
				ALWAYS_SEARCH_USER_PATHS = NO;
				CLANG_ANALYZER_NONNULL = YES;
				CLANG_ANALYZER_NUMBER_OBJECT_CONVERSION = YES_AGGRESSIVE;
				CLANG_CXX_LANGUAGE_STANDARD = "gnu++20";
				CLANG_ENABLE_MODULES = YES;
				CLANG_ENABLE_OBJC_ARC = YES;
				CLANG_ENABLE_OBJC_WEAK = YES;
				CLANG_WARN_BLOCK_CAPTURE_AUTORELEASING = YES;
				CLANG_WARN_BOOL_CONVERSION = YES;
				CLANG_WARN_COMMA = YES;
				CLANG_WARN_CONSTANT_CONVERSION = YES;
				CLANG_WARN_DEPRECATED_OBJC_IMPLEMENTATIONS = YES;
				CLANG_WARN_DIRECT_OBJC_ISA_USAGE = YES_ERROR;
				CLANG_WARN_DOCUMENTATION_COMMENTS = YES;
				CLANG_WARN_EMPTY_BODY = YES;
				CLANG_WARN_ENUM_CONVERSION = YES;
				CLANG_WARN_INFINITE_RECURSION = YES;
				CLANG_WARN_INT_CONVERSION = YES;
				CLANG_WARN_NON_LITERAL_NULL_CONVERSION = YES;
				CLANG_WARN_OBJC_IMPLICIT_RETAIN_SELF = YES;
				CLANG_WARN_OBJC_LITERAL_CONVERSION = YES;
				CLANG_WARN_OBJC_ROOT_CLASS = YES_ERROR;
				CLANG_WARN_QUOTED_INCLUDE_IN_FRAMEWORK_HEADER = YES;
				CLANG_WARN_RANGE_LOOP_ANALYSIS = YES;
				CLANG_WARN_STRICT_PROTOTYPES = YES;
				CLANG_WARN_SUSPICIOUS_MOVE = YES;
				CLANG_WARN_UNGUARDED_AVAILABILITY = YES_AGGRESSIVE;
				CLANG_WARN_UNREACHABLE_CODE = YES;
				CLANG_WARN__DUPLICATE_METHOD_MATCH = YES;
				COPY_PHASE_STRIP = NO;
				DEBUG_INFORMATION_FORMAT = dwarf;
				ENABLE_STRICT_OBJC_MSGSEND = YES;
				ENABLE_TESTABILITY = YES;
				GCC_C_LANGUAGE_STANDARD = gnu11;
				GCC_DYNAMIC_NO_PIC = NO;
				GCC_NO_COMMON_BLOCKS = YES;
				GCC_OPTIMIZATION_LEVEL = 0;
				GCC_PREPROCESSOR_DEFINITIONS = (
					"DEBUG=1",
					"$(inherited)",
				);
				GCC_WARN_64_TO_32_BIT_CONVERSION = YES;
				GCC_WARN_ABOUT_RETURN_TYPE = YES_ERROR;
				GCC_WARN_UNDECLARED_SELECTOR = YES;
				GCC_WARN_UNINITIALIZED_AUTOS = YES_AGGRESSIVE;
				GCC_WARN_UNUSED_FUNCTION = YES;
				GCC_WARN_UNUSED_VARIABLE = YES;
				IPHONEOS_DEPLOYMENT_TARGET = 16.2;
				MTL_ENABLE_DEBUG_INFO = INCLUDE_SOURCE;
				MTL_FAST_MATH = YES;
				ONLY_ACTIVE_ARCH = YES;
				SDKROOT = iphoneos;
				SWIFT_ACTIVE_COMPILATION_CONDITIONS = DEBUG;
				SWIFT_OPTIMIZATION_LEVEL = "-Onone";
			};
			name = Debug;
		};
		11E99CD3298C184B0072D357 /* Release */ = {
			isa = XCBuildConfiguration;
			buildSettings = {
				ALWAYS_SEARCH_USER_PATHS = NO;
				CLANG_ANALYZER_NONNULL = YES;
				CLANG_ANALYZER_NUMBER_OBJECT_CONVERSION = YES_AGGRESSIVE;
				CLANG_CXX_LANGUAGE_STANDARD = "gnu++20";
				CLANG_ENABLE_MODULES = YES;
				CLANG_ENABLE_OBJC_ARC = YES;
				CLANG_ENABLE_OBJC_WEAK = YES;
				CLANG_WARN_BLOCK_CAPTURE_AUTORELEASING = YES;
				CLANG_WARN_BOOL_CONVERSION = YES;
				CLANG_WARN_COMMA = YES;
				CLANG_WARN_CONSTANT_CONVERSION = YES;
				CLANG_WARN_DEPRECATED_OBJC_IMPLEMENTATIONS = YES;
				CLANG_WARN_DIRECT_OBJC_ISA_USAGE = YES_ERROR;
				CLANG_WARN_DOCUMENTATION_COMMENTS = YES;
				CLANG_WARN_EMPTY_BODY = YES;
				CLANG_WARN_ENUM_CONVERSION = YES;
				CLANG_WARN_INFINITE_RECURSION = YES;
				CLANG_WARN_INT_CONVERSION = YES;
				CLANG_WARN_NON_LITERAL_NULL_CONVERSION = YES;
				CLANG_WARN_OBJC_IMPLICIT_RETAIN_SELF = YES;
				CLANG_WARN_OBJC_LITERAL_CONVERSION = YES;
				CLANG_WARN_OBJC_ROOT_CLASS = YES_ERROR;
				CLANG_WARN_QUOTED_INCLUDE_IN_FRAMEWORK_HEADER = YES;
				CLANG_WARN_RANGE_LOOP_ANALYSIS = YES;
				CLANG_WARN_STRICT_PROTOTYPES = YES;
				CLANG_WARN_SUSPICIOUS_MOVE = YES;
				CLANG_WARN_UNGUARDED_AVAILABILITY = YES_AGGRESSIVE;
				CLANG_WARN_UNREACHABLE_CODE = YES;
				CLANG_WARN__DUPLICATE_METHOD_MATCH = YES;
				COPY_PHASE_STRIP = NO;
				DEBUG_INFORMATION_FORMAT = "dwarf-with-dsym";
				ENABLE_NS_ASSERTIONS = NO;
				ENABLE_STRICT_OBJC_MSGSEND = YES;
				GCC_C_LANGUAGE_STANDARD = gnu11;
				GCC_NO_COMMON_BLOCKS = YES;
				GCC_WARN_64_TO_32_BIT_CONVERSION = YES;
				GCC_WARN_ABOUT_RETURN_TYPE = YES_ERROR;
				GCC_WARN_UNDECLARED_SELECTOR = YES;
				GCC_WARN_UNINITIALIZED_AUTOS = YES_AGGRESSIVE;
				GCC_WARN_UNUSED_FUNCTION = YES;
				GCC_WARN_UNUSED_VARIABLE = YES;
				IPHONEOS_DEPLOYMENT_TARGET = 16.2;
				MTL_ENABLE_DEBUG_INFO = NO;
				MTL_FAST_MATH = YES;
				SDKROOT = iphoneos;
				SWIFT_COMPILATION_MODE = wholemodule;
				SWIFT_OPTIMIZATION_LEVEL = "-O";
				VALIDATE_PRODUCT = YES;
			};
			name = Release;
		};
		11E99CD5298C184B0072D357 /* Debug */ = {
			isa = XCBuildConfiguration;
			baseConfigurationReference = 000B45AF809ECFC4D5BB274A /* Pods-BudgetApp.debug.xcconfig */;
			buildSettings = {
				ASSETCATALOG_COMPILER_APPICON_NAME = AppIcon;
				ASSETCATALOG_COMPILER_GLOBAL_ACCENT_COLOR_NAME = AccentColor;
				CODE_SIGN_STYLE = Automatic;
				CURRENT_PROJECT_VERSION = 1;
				DEVELOPMENT_TEAM = PZCB5RRY2G;
				GENERATE_INFOPLIST_FILE = YES;
				INFOPLIST_FILE = BudgetApp/Info.plist;
				INFOPLIST_KEY_UIApplicationSupportsIndirectInputEvents = YES;
				INFOPLIST_KEY_UILaunchStoryboardName = LaunchScreen;
				INFOPLIST_KEY_UISupportedInterfaceOrientations_iPad = "UIInterfaceOrientationPortrait UIInterfaceOrientationPortraitUpsideDown UIInterfaceOrientationLandscapeLeft UIInterfaceOrientationLandscapeRight";
				INFOPLIST_KEY_UISupportedInterfaceOrientations_iPhone = "UIInterfaceOrientationPortrait UIInterfaceOrientationLandscapeLeft UIInterfaceOrientationLandscapeRight";
				LD_RUNPATH_SEARCH_PATHS = (
					"$(inherited)",
					"@executable_path/Frameworks",
				);
				MARKETING_VERSION = 1.0;
				PRODUCT_BUNDLE_IDENTIFIER = nikita.BudgetApp;
				PRODUCT_NAME = "$(TARGET_NAME)";
				SWIFT_EMIT_LOC_STRINGS = YES;
				SWIFT_VERSION = 5.0;
				TARGETED_DEVICE_FAMILY = "1,2";
			};
			name = Debug;
		};
		11E99CD6298C184B0072D357 /* Release */ = {
			isa = XCBuildConfiguration;
			baseConfigurationReference = AF1A845FC6D7D4E11ABEB5B2 /* Pods-BudgetApp.release.xcconfig */;
			buildSettings = {
				ASSETCATALOG_COMPILER_APPICON_NAME = AppIcon;
				ASSETCATALOG_COMPILER_GLOBAL_ACCENT_COLOR_NAME = AccentColor;
				CODE_SIGN_STYLE = Automatic;
				CURRENT_PROJECT_VERSION = 1;
				DEVELOPMENT_TEAM = PZCB5RRY2G;
				GENERATE_INFOPLIST_FILE = YES;
				INFOPLIST_FILE = BudgetApp/Info.plist;
				INFOPLIST_KEY_UIApplicationSupportsIndirectInputEvents = YES;
				INFOPLIST_KEY_UILaunchStoryboardName = LaunchScreen;
				INFOPLIST_KEY_UISupportedInterfaceOrientations_iPad = "UIInterfaceOrientationPortrait UIInterfaceOrientationPortraitUpsideDown UIInterfaceOrientationLandscapeLeft UIInterfaceOrientationLandscapeRight";
				INFOPLIST_KEY_UISupportedInterfaceOrientations_iPhone = "UIInterfaceOrientationPortrait UIInterfaceOrientationLandscapeLeft UIInterfaceOrientationLandscapeRight";
				LD_RUNPATH_SEARCH_PATHS = (
					"$(inherited)",
					"@executable_path/Frameworks",
				);
				MARKETING_VERSION = 1.0;
				PRODUCT_BUNDLE_IDENTIFIER = nikita.BudgetApp;
				PRODUCT_NAME = "$(TARGET_NAME)";
				SWIFT_EMIT_LOC_STRINGS = YES;
				SWIFT_VERSION = 5.0;
				TARGETED_DEVICE_FAMILY = "1,2";
			};
			name = Release;
		};
/* End XCBuildConfiguration section */

/* Begin XCConfigurationList section */
		11E99CBB298C18460072D357 /* Build configuration list for PBXProject "BudgetApp" */ = {
			isa = XCConfigurationList;
			buildConfigurations = (
				11E99CD2298C184B0072D357 /* Debug */,
				11E99CD3298C184B0072D357 /* Release */,
			);
			defaultConfigurationIsVisible = 0;
			defaultConfigurationName = Release;
		};
		11E99CD4298C184B0072D357 /* Build configuration list for PBXNativeTarget "BudgetApp" */ = {
			isa = XCConfigurationList;
			buildConfigurations = (
				11E99CD5298C184B0072D357 /* Debug */,
				11E99CD6298C184B0072D357 /* Release */,
			);
			defaultConfigurationIsVisible = 0;
			defaultConfigurationName = Release;
		};
/* End XCConfigurationList section */
	};
	rootObject = 11E99CB8298C18460072D357 /* Project object */;
}
